# THIS IS AN AUTOGENERATED FILE. DO NOT EDIT THIS FILE DIRECTLY.
# yarn lockfile v1


"@altv/types-server@^2.3.7":
  version "2.3.7"
  resolved "https://registry.yarnpkg.com/@altv/types-server/-/types-server-2.3.7.tgz#84c741a3d288a7f597483a920e0dcae73dce0ecb"
  integrity sha512-rFuJ59dgoxWx2zwLwf2zgL/266kA7zGNx7afuxZBwDvbnyywdhL1qG1+XyGOd/Y9iA68qGmtEQN0e4TcrR4oZA==

"@altv/types-shared@^1.2.6":
  version "1.2.6"
  resolved "https://registry.yarnpkg.com/@altv/types-shared/-/types-shared-1.2.6.tgz#c12936691ae6e76cdc794ca0fe3fc62e8f4853ab"
  integrity sha512-DC5WofhTkvC/0uYxTIihxQG7k13SdepHrSm9Xzd5HTTpVJxll4PRXRIZH3L3wRBnWNXTuKQhJ4Cy/qKZN3or9g==

"@prisma/client@^3.15.2":
  version "3.15.2"
  resolved "https://registry.yarnpkg.com/@prisma/client/-/client-3.15.2.tgz#2181398147afc79bfe0d83c03a88dc45b49bd365"
  integrity sha512-ErqtwhX12ubPhU4d++30uFY/rPcyvjk+mdifaZO5SeM21zS3t4jQrscy8+6IyB0GIYshl5ldTq6JSBo1d63i8w==
  dependencies:
    "@prisma/engines-version" "3.15.1-1.461d6a05159055555eb7dfb337c9fb271cbd4d7e"

"@prisma/engines-version@3.15.1-1.461d6a05159055555eb7dfb337c9fb271cbd4d7e":
  version "3.15.1-1.461d6a05159055555eb7dfb337c9fb271cbd4d7e"
  resolved "https://registry.yarnpkg.com/@prisma/engines-version/-/engines-version-3.15.1-1.461d6a05159055555eb7dfb337c9fb271cbd4d7e.tgz#bf5e2373ca68ce7556b967cb4965a7095e93fe53"
  integrity sha512-e3k2Vd606efd1ZYy2NQKkT4C/pn31nehyLhVug6To/q8JT8FpiMrDy7zmm3KLF0L98NOQQcutaVtAPhzKhzn9w==

"@prisma/engines@3.15.1-1.461d6a05159055555eb7dfb337c9fb271cbd4d7e":
  version "3.15.1-1.461d6a05159055555eb7dfb337c9fb271cbd4d7e"
  resolved "https://registry.yarnpkg.com/@prisma/engines/-/engines-3.15.1-1.461d6a05159055555eb7dfb337c9fb271cbd4d7e.tgz#f691893df506b93e3cb1ccc15ec6e5ac64e8e570"
  integrity sha512-NHlojO1DFTsSi3FtEleL9QWXeSF/UjhCW0fgpi7bumnNZ4wj/eQ+BJJ5n2pgoOliTOGv9nX2qXvmHap7rJMNmg==

"@types/node@^18.0.0":
  version "18.0.0"
  resolved "https://registry.yarnpkg.com/@types/node/-/node-18.0.0.tgz#67c7b724e1bcdd7a8821ce0d5ee184d3b4dd525a"
  integrity sha512-cHlGmko4gWLVI27cGJntjs/Sj8th9aYwplmZFwmmgYQQvL5NUsgVJG7OddLvNfLqYS31KFN0s3qlaD9qCaxACA==

prisma@^3.15.2:
  version "3.15.2"
  resolved "https://registry.yarnpkg.com/prisma/-/prisma-3.15.2.tgz#4ebe32fb284da3ac60c49fbc16c75e56ecf32067"
  integrity sha512-nMNSMZvtwrvoEQ/mui8L/aiCLZRCj5t6L3yujKpcDhIPk7garp8tL4nMx2+oYsN0FWBacevJhazfXAbV1kfBzA==
  dependencies:
    "@prisma/engines" "3.15.1-1.461d6a05159055555eb7dfb337c9fb271cbd4d7e"
