# THIS IS AN AUTOGENERATED FILE. DO NOT EDIT THIS FILE DIRECTLY.
# yarn lockfile v1


"@altv/types-server@^2.3.7":
  version "2.3.7"
  resolved "https://registry.yarnpkg.com/@altv/types-server/-/types-server-2.3.7.tgz#84c741a3d288a7f597483a920e0dcae73dce0ecb"
  integrity sha512-rFuJ59dgoxWx2zwLwf2zgL/266kA7zGNx7afuxZBwDvbnyywdhL1qG1+XyGOd/Y9iA68qGmtEQN0e4TcrR4oZA==

"@altv/types-shared@^1.2.6":
  version "1.2.6"
  resolved "https://registry.yarnpkg.com/@altv/types-shared/-/types-shared-1.2.6.tgz#c12936691ae6e76cdc794ca0fe3fc62e8f4853ab"
  integrity sha512-DC5WofhTkvC/0uYxTIihxQG7k13SdepHrSm9Xzd5HTTpVJxll4PRXRIZH3L3wRBnWNXTuKQhJ4Cy/qKZN3or9g==
